
Microsoft Visual Studio Solution File, Format Version 12.00
# Visual Studio 14
VisualStudioVersion = 14.0.24720.0
MinimumVisualStudioVersion = 10.0.40219.1
Project("{FAE04EC0-301F-11D3-BF4B-00C04F79EFBC}") = "WallBrick", "WallBrick\WallBrick\WallBrick.csproj", "{852FAF77-9F9D-4E07-B4D6-5D2615160B62}"
EndProject
Project("{96E2B04D-8817-42C6-938A-82C39BA4D311}") = "WallBrickContent", "WallBrick\WallBrickContent\WallBrickContent.contentproj", "{E3869C16-BA4F-4906-8EE5-B59865FEDDCB}"
EndProject
Global
	GlobalSection(SolutionConfigurationPlatforms) = preSolution
		Debug|x86 = Debug|x86
		Release|x86 = Release|x86
	EndGlobalSection
	GlobalSection(ProjectConfigurationPlatforms) = postSolution
		{852FAF77-9F9D-4E07-B4D6-5D2615160B62}.Debug|x86.ActiveCfg = Debug|x86
		{852FAF77-9F9D-4E07-B4D6-5D2615160B62}.Debug|x86.Build.0 = Debug|x86
		{852FAF77-9F9D-4E07-B4D6-5D2615160B62}.Release|x86.ActiveCfg = Release|x86
		{852FAF77-9F9D-4E07-B4D6-5D2615160B62}.Release|x86.Build.0 = Release|x86
		{E3869C16-BA4F-4906-8EE5-B59865FEDDCB}.Debug|x86.ActiveCfg = Debug|x86
		{E3869C16-BA4F-4906-8EE5-B59865FEDDCB}.Release|x86.ActiveCfg = Release|x86
	EndGlobalSection
	GlobalSection(SolutionProperties) = preSolution
		HideSolutionNode = FALSE
	EndGlobalSection
EndGlobal
